// !$*UTF8*$!
{
	archiveVersion = 1;
	classes = {
	};
	objectVersion = 77;
	objects = {

/* Begin PBXContainerItemProxy section */
		225BC59A2DE09C3900AAE426 /* PBXContainerItemProxy */ = {
			isa = PBXContainerItemProxy;
			containerPortal = 225BC57B2DE09C3700AAE426 /* Project object */;
			proxyType = 1;
			remoteGlobalIDString = 225BC5822DE09C3700AAE426;
			remoteInfo = "Hugging pririty";
		};
		225BC5A42DE09C3900AAE426 /* PBXContainerItemProxy */ = {
			isa = PBXContainerItemProxy;
			containerPortal = 225BC57B2DE09C3700AAE426 /* Project object */;
			proxyType = 1;
			remoteGlobalIDString = 225BC5822DE09C3700AAE426;
			remoteInfo = "Hugging pririty";
		};
/* End PBXContainerItemProxy section */

/* Begin PBXFileReference section */
		225BC5832DE09C3700AAE426 /* Hugging pririty.app */ = {isa = PBXFileReference; explicitFileType = wrapper.application; includeInIndex = 0; path = "Hugging pririty.app"; sourceTree = BUILT_PRODUCTS_DIR; };
		225BC5992DE09C3900AAE426 /* Hugging prirityTests.xctest */ = {isa = PBXFileReference; explicitFileType = wrapper.cfbundle; includeInIndex = 0; path = "Hugging prirityTests.xctest"; sourceTree = BUILT_PRODUCTS_DIR; };
		225BC5A32DE09C3900AAE426 /* Hugging prirityUITests.xctest */ = {isa = PBXFileReference; explicitFileType = wrapper.cfbundle; includeInIndex = 0; path = "Hugging prirityUITests.xctest"; sourceTree = BUILT_PRODUCTS_DIR; };
/* End PBXFileReference section */

/* Begin PBXFileSystemSynchronizedBuildFileExceptionSet section */
		225BC5AB2DE09C3900AAE426 /* Exceptions for "Hugging pririty" folder in "Hugging pririty" target */ = {
			isa = PBXFileSystemSynchronizedBuildFileExceptionSet;
			membershipExceptions = (
				Info.plist,
			);
			target = 225BC5822DE09C3700AAE426 /* Hugging pririty */;
		};
/* End PBXFileSystemSynchronizedBuildFileExceptionSet section */

/* Begin PBXFileSystemSynchronizedRootGroup section */
		225BC5852DE09C3700AAE426 /* Hugging pririty */ = {
			isa = PBXFileSystemSynchronizedRootGroup;
			exceptions = (
				225BC5AB2DE09C3900AAE426 /* Exceptions for "Hugging pririty" folder in "Hugging pririty" target */,
			);
			path = "Hugging pririty";
			sourceTree = "<group>";
		};
		225BC59C2DE09C3900AAE426 /* Hugging prirityTests */ = {
			isa = PBXFileSystemSynchronizedRootGroup;
			path = "Hugging prirityTests";
			sourceTree = "<group>";
		};
		225BC5A62DE09C3900AAE426 /* Hugging prirityUITests */ = {
			isa = PBXFileSystemSynchronizedRootGroup;
			path = "Hugging prirityUITests";
			sourceTree = "<group>";
		};
/* End PBXFileSystemSynchronizedRootGroup section */

/* Begin PBXFrameworksBuildPhase section */
		225BC5802DE09C3700AAE426 /* Frameworks */ = {
			isa = PBXFrameworksBuildPhase;
			buildActionMask = 2147483647;
			files = (
			);
			runOnlyForDeploymentPostprocessing = 0;
		};
		225BC5962DE09C3900AAE426 /* Frameworks */ = {
			isa = PBXFrameworksBuildPhase;
			buildActionMask = 2147483647;
			files = (
			);
			runOnlyForDeploymentPostprocessing = 0;
		};
		225BC5A02DE09C3900AAE426 /* Frameworks */ = {
			isa = PBXFrameworksBuildPhase;
			buildActionMask = 2147483647;
			files = (
			);
			runOnlyForDeploymentPostprocessing = 0;
		};
/* End PBXFrameworksBuildPhase section */

/* Begin PBXGroup section */
		225BC57A2DE09C3700AAE426 = {
			isa = PBXGroup;
			children = (
				225BC5852DE09C3700AAE426 /* Hugging pririty */,
				225BC59C2DE09C3900AAE426 /* Hugging prirityTests */,
				225BC5A62DE09C3900AAE426 /* Hugging prirityUITests */,
				225BC5842DE09C3700AAE426 /* Products */,
			);
			sourceTree = "<group>";
		};
		225BC5842DE09C3700AAE426 /* Products */ = {
			isa = PBXGroup;
			children = (
				225BC5832DE09C3700AAE426 /* Hugging pririty.app */,
				225BC5992DE09C3900AAE426 /* Hugging prirityTests.xctest */,
				225BC5A32DE09C3900AAE426 /* Hugging prirityUITests.xctest */,
			);
			name = Products;
			sourceTree = "<group>";
		};
/* End PBXGroup section */

/* Begin PBXNativeTarget section */
		225BC5822DE09C3700AAE426 /* Hugging pririty */ = {
			isa = PBXNativeTarget;
			buildConfigurationList = 225BC5AC2DE09C3900AAE426 /* Build configuration list for PBXNativeTarget "Hugging pririty" */;
			buildPhases = (
				225BC57F2DE09C3700AAE426 /* Sources */,
				225BC5802DE09C3700AAE426 /* Frameworks */,
				225BC5812DE09C3700AAE426 /* Resources */,
			);
			buildRules = (
			);
			dependencies = (
			);
			fileSystemSynchronizedGroups = (
				225BC5852DE09C3700AAE426 /* Hugging pririty */,
			);
			name = "Hugging pririty";
			packageProductDependencies = (
			);
			productName = "Hugging pririty";
			productReference = 225BC5832DE09C3700AAE426 /* Hugging pririty.app */;
			productType = "com.apple.product-type.application";
		};
		225BC5982DE09C3900AAE426 /* Hugging prirityTests */ = {
			isa = PBXNativeTarget;
			buildConfigurationList = 225BC5B12DE09C3900AAE426 /* Build configuration list for PBXNativeTarget "Hugging prirityTests" */;
			buildPhases = (
				225BC5952DE09C3900AAE426 /* Sources */,
				225BC5962DE09C3900AAE426 /* Frameworks */,
				225BC5972DE09C3900AAE426 /* Resources */,
			);
			buildRules = (
			);
			dependencies = (
				225BC59B2DE09C3900AAE426 /* PBXTargetDependency */,
			);
			fileSystemSynchronizedGroups = (
				225BC59C2DE09C3900AAE426 /* Hugging prirityTests */,
			);
			name = "Hugging prirityTests";
			packageProductDependencies = (
			);
			productName = "Hugging prirityTests";
			productReference = 225BC5992DE09C3900AAE426 /* Hugging prirityTests.xctest */;
			productType = "com.apple.product-type.bundle.unit-test";
		};
		225BC5A22DE09C3900AAE426 /* Hugging prirityUITests */ = {
			isa = PBXNativeTarget;
			buildConfigurationList = 225BC5B42DE09C3900AAE426 /* Build configuration list for PBXNativeTarget "Hugging prirityUITests" */;
			buildPhases = (
				225BC59F2DE09C3900AAE426 /* Sources */,
				225BC5A02DE09C3900AAE426 /* Frameworks */,
				225BC5A12DE09C3900AAE426 /* Resources */,
			);
			buildRules = (
			);
			dependencies = (
				225BC5A52DE09C3900AAE426 /* PBXTargetDependency */,
			);
			fileSystemSynchronizedGroups = (
				225BC5A62DE09C3900AAE426 /* Hugging prirityUITests */,
			);
			name = "Hugging prirityUITests";
			packageProductDependencies = (
			);
			productName = "Hugging prirityUITests";
			productReference = 225BC5A32DE09C3900AAE426 /* Hugging prirityUITests.xctest */;
			productType = "com.apple.product-type.bundle.ui-testing";
		};
/* End PBXNativeTarget section */

/* Begin PBXProject section */
		225BC57B2DE09C3700AAE426 /* Project object */ = {
			isa = PBXProject;
			attributes = {
				BuildIndependentTargetsInParallel = 1;
				LastSwiftUpdateCheck = 1610;
				LastUpgradeCheck = 1610;
				TargetAttributes = {
					225BC5822DE09C3700AAE426 = {
						CreatedOnToolsVersion = 16.1;
					};
					225BC5982DE09C3900AAE426 = {
						CreatedOnToolsVersion = 16.1;
						TestTargetID = 225BC5822DE09C3700AAE426;
					};
					225BC5A22DE09C3900AAE426 = {
						CreatedOnToolsVersion = 16.1;
						TestTargetID = 225BC5822DE09C3700AAE426;
					};
				};
			};
			buildConfigurationList = 225BC57E2DE09C3700AAE426 /* Build configuration list for PBXProject "Hugging pririty" */;
			developmentRegion = en;
			hasScannedForEncodings = 0;
			knownRegions = (
				en,
				Base,
			);
			mainGroup = 225BC57A2DE09C3700AAE426;
			minimizedProjectReferenceProxies = 1;
			preferredProjectObjectVersion = 77;
			productRefGroup = 225BC5842DE09C3700AAE426 /* Products */;
			projectDirPath = "";
			projectRoot = "";
			targets = (
				225BC5822DE09C3700AAE426 /* Hugging pririty */,
				225BC5982DE09C3900AAE426 /* Hugging prirityTests */,
				225BC5A22DE09C3900AAE426 /* Hugging prirityUITests */,
			);
		};
/* End PBXProject section */

/* Begin PBXResourcesBuildPhase section */
		225BC5812DE09C3700AAE426 /* Resources */ = {
			isa = PBXResourcesBuildPhase;
			buildActionMask = 2147483647;
			files = (
			);
			runOnlyForDeploymentPostprocessing = 0;
		};
		225BC5972DE09C3900AAE426 /* Resources */ = {
			isa = PBXResourcesBuildPhase;
			buildActionMask = 2147483647;
			files = (
			);
			runOnlyForDeploymentPostprocessing = 0;
		};
		225BC5A12DE09C3900AAE426 /* Resources */ = {
			isa = PBXResourcesBuildPhase;
			buildActionMask = 2147483647;
			files = (
			);
			runOnlyForDeploymentPostprocessing = 0;
		};
/* End PBXResourcesBuildPhase section */

/* Begin PBXSourcesBuildPhase section */
		225BC57F2DE09C3700AAE426 /* Sources */ = {
			isa = PBXSourcesBuildPhase;
			buildActionMask = 2147483647;
			files = (
			);
			runOnlyForDeploymentPostprocessing = 0;
		};
		225BC5952DE09C3900AAE426 /* Sources */ = {
			isa = PBXSourcesBuildPhase;
			buildActionMask = 2147483647;
			files = (
			);
			runOnlyForDeploymentPostprocessing = 0;
		};
		225BC59F2DE09C3900AAE426 /* Sources */ = {
			isa = PBXSourcesBuildPhase;
			buildActionMask = 2147483647;
			files = (
			);
			runOnlyForDeploymentPostprocessing = 0;
		};
/* End PBXSourcesBuildPhase section */

/* Begin PBXTargetDependency section */
		225BC59B2DE09C3900AAE426 /* PBXTargetDependency */ = {
			isa = PBXTargetDependency;
			target = 225BC5822DE09C3700AAE426 /* Hugging pririty */;
			targetProxy = 225BC59A2DE09C3900AAE426 /* PBXContainerItemProxy */;
		};
		225BC5A52DE09C3900AAE426 /* PBXTargetDependency */ = {
			isa = PBXTargetDependency;
			target = 225BC5822DE09C3700AAE426 /* Hugging pririty */;
			targetProxy = 225BC5A42DE09C3900AAE426 /* PBXContainerItemProxy */;
		};
/* End PBXTargetDependency section */

/* Begin XCBuildConfiguration section */
		225BC5AD2DE09C3900AAE426 /* Debug */ = {
			isa = XCBuildConfiguration;
			buildSettings = {
				ASSETCATALOG_COMPILER_APPICON_NAME = AppIcon;
				ASSETCATALOG_COMPILER_GLOBAL_ACCENT_COLOR_NAME = AccentColor;
				CODE_SIGN_STYLE = Automatic;
				CURRENT_PROJECT_VERSION = 1;
				GENERATE_INFOPLIST_FILE = YES;
				INFOPLIST_FILE = "Hugging pririty/Info.plist";
				INFOPLIST_KEY_UIApplicationSupportsIndirectInputEvents = YES;
				INFOPLIST_KEY_UILaunchStoryboardName = LaunchScreen;
				INFOPLIST_KEY_UIMainStoryboardFile = Main;
				INFOPLIST_KEY_UISupportedInterfaceOrientations_iPad = "UIInterfaceOrientationPortrait UIInterfaceOrientationPortraitUpsideDown UIInterfaceOrientationLandscapeLeft UIInterfaceOrientationLandscapeRight";
				INFOPLIST_KEY_UISupportedInterfaceOrientations_iPhone = "UIInterfaceOrientationPortrait UIInterfaceOrientationLandscapeLeft UIInterfaceOrientationLandscapeRight";
				LD_RUNPATH_SEARCH_PATHS = (
					"$(inherited)",
					"@executable_path/Frameworks",
				);
				MARKETING_VERSION = 1.0;
				PRODUCT_BUNDLE_IDENTIFIER = "com.practice.Hugging-pririty";
				PRODUCT_NAME = "$(TARGET_NAME)";
				SWIFT_EMIT_LOC_STRINGS = YES;
				SWIFT_VERSION = 5.0;
				TARGETED_DEVICE_FAMILY = "1,2";
			};
			name = Debug;
		};
		225BC5AE2DE09C3900AAE426 /* Release */ = {
			isa = XCBuildConfiguration;
			buildSettings = {
				ASSETCATALOG_COMPILER_APPICON_NAME = AppIcon;
				ASSETCATALOG_COMPILER_GLOBAL_ACCENT_COLOR_NAME = AccentColor;
				CODE_SIGN_STYLE = Automatic;
				CURRENT_PROJECT_VERSION = 1;
				GENERATE_INFOPLIST_FILE = YES;
				INFOPLIST_FILE = "Hugging pririty/Info.plist";
				INFOPLIST_KEY_UIApplicationSupportsIndirectInputEvents = YES;
				INFOPLIST_KEY_UILaunchStoryboardName = LaunchScreen;
				INFOPLIST_KEY_UIMainStoryboardFile = Main;
				INFOPLIST_KEY_UISupportedInterfaceOrientations_iPad = "UIInterfaceOrientationPortrait UIInterfaceOrientationPortraitUpsideDown UIInterfaceOrientationLandscapeLeft UIInterfaceOrientationLandscapeRight";
				INFOPLIST_KEY_UISupportedInterfaceOrientations_iPhone = "UIInterfaceOrientationPortrait UIInterfaceOrientationLandscapeLeft UIInterfaceOrientationLandscapeRight";
				LD_RUNPATH_SEARCH_PATHS = (
					"$(inherited)",
					"@executable_path/Frameworks",
				);
				MARKETING_VERSION = 1.0;
				PRODUCT_BUNDLE_IDENTIFIER = "com.practice.Hugging-pririty";
				PRODUCT_NAME = "$(TARGET_NAME)";
				SWIFT_EMIT_LOC_STRINGS = YES;
				SWIFT_VERSION = 5.0;
				TARGETED_DEVICE_FAMILY = "1,2";
			};
			name = Release;
		};
		225BC5AF2DE09C3900AAE426 /* Debug */ = {
			isa = XCBuildConfiguration;
			buildSettings = {
				ALWAYS_SEARCH_USER_PATHS = NO;
				ASSETCATALOG_COMPILER_GENERATE_SWIFT_ASSET_SYMBOL_EXTENSIONS = YES;
				CLANG_ANALYZER_NONNULL = YES;
				CLANG_ANALYZER_NUMBER_OBJECT_CONVERSION = YES_AGGRESSIVE;
				CLANG_CXX_LANGUAGE_STANDARD = "gnu++20";
				CLANG_ENABLE_MODULES = YES;
				CLANG_ENABLE_OBJC_ARC = YES;
				CLANG_ENABLE_OBJC_WEAK = YES;
				CLANG_WARN_BLOCK_CAPTURE_AUTORELEASING = YES;
				CLANG_WARN_BOOL_CONVERSION = YES;
				CLANG_WARN_COMMA = YES;
				CLANG_WARN_CONSTANT_CONVERSION = YES;
				CLANG_WARN_DEPRECATED_OBJC_IMPLEMENTATIONS = YES;
				CLANG_WARN_DIRECT_OBJC_ISA_USAGE = YES_ERROR;
				CLANG_WARN_DOCUMENTATION_COMMENTS = YES;
				CLANG_WARN_EMPTY_BODY = YES;
				CLANG_WARN_ENUM_CONVERSION = YES;
				CLANG_WARN_INFINITE_RECURSION = YES;
				CLANG_WARN_INT_CONVERSION = YES;
				CLANG_WARN_NON_LITERAL_NULL_CONVERSION = YES;
				CLANG_WARN_OBJC_IMPLICIT_RETAIN_SELF = YES;
				CLANG_WARN_OBJC_LITERAL_CONVERSION = YES;
				CLANG_WARN_OBJC_ROOT_CLASS = YES_ERROR;
				CLANG_WARN_QUOTED_INCLUDE_IN_FRAMEWORK_HEADER = YES;
				CLANG_WARN_RANGE_LOOP_ANALYSIS = YES;
				CLANG_WARN_STRICT_PROTOTYPES = YES;
				CLANG_WARN_SUSPICIOUS_MOVE = YES;
				CLANG_WARN_UNGUARDED_AVAILABILITY = YES_AGGRESSIVE;
				CLANG_WARN_UNREACHABLE_CODE = YES;
				CLANG_WARN__DUPLICATE_METHOD_MATCH = YES;
				COPY_PHASE_STRIP = NO;
				DEBUG_INFORMATION_FORMAT = dwarf;
				ENABLE_STRICT_OBJC_MSGSEND = YES;
				ENABLE_TESTABILITY = YES;
				ENABLE_USER_SCRIPT_SANDBOXING = YES;
				GCC_C_LANGUAGE_STANDARD = gnu17;
				GCC_DYNAMIC_NO_PIC = NO;
				GCC_NO_COMMON_BLOCKS = YES;
				GCC_OPTIMIZATION_LEVEL = 0;
				GCC_PREPROCESSOR_DEFINITIONS = (
					"DEBUG=1",
					"$(inherited)",
				);
				GCC_WARN_64_TO_32_BIT_CONVERSION = YES;
				GCC_WARN_ABOUT_RETURN_TYPE = YES_ERROR;
				GCC_WARN_UNDECLARED_SELECTOR = YES;
				GCC_WARN_UNINITIALIZED_AUTOS = YES_AGGRESSIVE;
				GCC_WARN_UNUSED_FUNCTION = YES;
				GCC_WARN_UNUSED_VARIABLE = YES;
				IPHONEOS_DEPLOYMENT_TARGET = 18.1;
				LOCALIZATION_PREFERS_STRING_CATALOGS = YES;
				MTL_ENABLE_DEBUG_INFO = INCLUDE_SOURCE;
				MTL_FAST_MATH = YES;
				ONLY_ACTIVE_ARCH = YES;
				SDKROOT = iphoneos;
				SWIFT_ACTIVE_COMPILATION_CONDITIONS = "DEBUG $(inherited)";
				SWIFT_OPTIMIZATION_LEVEL = "-Onone";
			};
			name = Debug;
		};
		225BC5B02DE09C3900AAE426 /* Release */ = {
			isa = XCBuildConfiguration;
			buildSettings = {
				ALWAYS_SEARCH_USER_PATHS = NO;
				ASSETCATALOG_COMPILER_GENERATE_SWIFT_ASSET_SYMBOL_EXTENSIONS = YES;
				CLANG_ANALYZER_NONNULL = YES;
				CLANG_ANALYZER_NUMBER_OBJECT_CONVERSION = YES_AGGRESSIVE;
				CLANG_CXX_LANGUAGE_STANDARD = "gnu++20";
				CLANG_ENABLE_MODULES = YES;
				CLANG_ENABLE_OBJC_ARC = YES;
				CLANG_ENABLE_OBJC_WEAK = YES;
				CLANG_WARN_BLOCK_CAPTURE_AUTORELEASING = YES;
				CLANG_WARN_BOOL_CONVERSION = YES;
				CLANG_WARN_COMMA = YES;
				CLANG_WARN_CONSTANT_CONVERSION = YES;
				CLANG_WARN_DEPRECATED_OBJC_IMPLEMENTATIONS = YES;
				CLANG_WARN_DIRECT_OBJC_ISA_USAGE = YES_ERROR;
				CLANG_WARN_DOCUMENTATION_COMMENTS = YES;
				CLANG_WARN_EMPTY_BODY = YES;
				CLANG_WARN_ENUM_CONVERSION = YES;
				CLANG_WARN_INFINITE_RECURSION = YES;
				CLANG_WARN_INT_CONVERSION = YES;
				CLANG_WARN_NON_LITERAL_NULL_CONVERSION = YES;
				CLANG_WARN_OBJC_IMPLICIT_RETAIN_SELF = YES;
				CLANG_WARN_OBJC_LITERAL_CONVERSION = YES;
				CLANG_WARN_OBJC_ROOT_CLASS = YES_ERROR;
				CLANG_WARN_QUOTED_INCLUDE_IN_FRAMEWORK_HEADER = YES;
				CLANG_WARN_RANGE_LOOP_ANALYSIS = YES;
				CLANG_WARN_STRICT_PROTOTYPES = YES;
				CLANG_WARN_SUSPICIOUS_MOVE = YES;
				CLANG_WARN_UNGUARDED_AVAILABILITY = YES_AGGRESSIVE;
				CLANG_WARN_UNREACHABLE_CODE = YES;
				CLANG_WARN__DUPLICATE_METHOD_MATCH = YES;
				COPY_PHASE_STRIP = NO;
				DEBUG_INFORMATION_FORMAT = "dwarf-with-dsym";
				ENABLE_NS_ASSERTIONS = NO;
				ENABLE_STRICT_OBJC_MSGSEND = YES;
				ENABLE_USER_SCRIPT_SANDBOXING = YES;
				GCC_C_LANGUAGE_STANDARD = gnu17;
				GCC_NO_COMMON_BLOCKS = YES;
				GCC_WARN_64_TO_32_BIT_CONVERSION = YES;
				GCC_WARN_ABOUT_RETURN_TYPE = YES_ERROR;
				GCC_WARN_UNDECLARED_SELECTOR = YES;
				GCC_WARN_UNINITIALIZED_AUTOS = YES_AGGRESSIVE;
				GCC_WARN_UNUSED_FUNCTION = YES;
				GCC_WARN_UNUSED_VARIABLE = YES;
				IPHONEOS_DEPLOYMENT_TARGET = 18.1;
				LOCALIZATION_PREFERS_STRING_CATALOGS = YES;
				MTL_ENABLE_DEBUG_INFO = NO;
				MTL_FAST_MATH = YES;
				SDKROOT = iphoneos;
				SWIFT_COMPILATION_MODE = wholemodule;
				VALIDATE_PRODUCT = YES;
			};
			name = Release;
		};
		225BC5B22DE09C3900AAE426 /* Debug */ = {
			isa = XCBuildConfiguration;
			buildSettings = {
				BUNDLE_LOADER = "$(TEST_HOST)";
				CODE_SIGN_STYLE = Automatic;
				CURRENT_PROJECT_VERSION = 1;
				GENERATE_INFOPLIST_FILE = YES;
				IPHONEOS_DEPLOYMENT_TARGET = 18.1;
				MARKETING_VERSION = 1.0;
				PRODUCT_BUNDLE_IDENTIFIER = "com.practice.Hugging-prirityTests";
				PRODUCT_NAME = "$(TARGET_NAME)";
				SWIFT_EMIT_LOC_STRINGS = NO;
				SWIFT_VERSION = 5.0;
				TARGETED_DEVICE_FAMILY = "1,2";
				TEST_HOST = "$(BUILT_PRODUCTS_DIR)/Hugging pririty.app/$(BUNDLE_EXECUTABLE_FOLDER_PATH)/Hugging pririty";
			};
			name = Debug;
		};
		225BC5B32DE09C3900AAE426 /* Release */ = {
			isa = XCBuildConfiguration;
			buildSettings = {
				BUNDLE_LOADER = "$(TEST_HOST)";
				CODE_SIGN_STYLE = Automatic;
				CURRENT_PROJECT_VERSION = 1;
				GENERATE_INFOPLIST_FILE = YES;
				IPHONEOS_DEPLOYMENT_TARGET = 18.1;
				MARKETING_VERSION = 1.0;
				PRODUCT_BUNDLE_IDENTIFIER = "com.practice.Hugging-prirityTests";
				PRODUCT_NAME = "$(TARGET_NAME)";
				SWIFT_EMIT_LOC_STRINGS = NO;
				SWIFT_VERSION = 5.0;
				TARGETED_DEVICE_FAMILY = "1,2";
				TEST_HOST = "$(BUILT_PRODUCTS_DIR)/Hugging pririty.app/$(BUNDLE_EXECUTABLE_FOLDER_PATH)/Hugging pririty";
			};
			name = Release;
		};
		225BC5B52DE09C3900AAE426 /* Debug */ = {
			isa = XCBuildConfiguration;
			buildSettings = {
				CODE_SIGN_STYLE = Automatic;
				CURRENT_PROJECT_VERSION = 1;
				GENERATE_INFOPLIST_FILE = YES;
				MARKETING_VERSION = 1.0;
				PRODUCT_BUNDLE_IDENTIFIER = "com.practice.Hugging-prirityUITests";
				PRODUCT_NAME = "$(TARGET_NAME)";
				SWIFT_EMIT_LOC_STRINGS = NO;
				SWIFT_VERSION = 5.0;
				TARGETED_DEVICE_FAMILY = "1,2";
				TEST_TARGET_NAME = "Hugging pririty";
			};
			name = Debug;
		};
		225BC5B62DE09C3900AAE426 /* Release */ = {
			isa = XCBuildConfiguration;
			buildSettings = {
				CODE_SIGN_STYLE = Automatic;
				CURRENT_PROJECT_VERSION = 1;
				GENERATE_INFOPLIST_FILE = YES;
				MARKETING_VERSION = 1.0;
				PRODUCT_BUNDLE_IDENTIFIER = "com.practice.Hugging-prirityUITests";
				PRODUCT_NAME = "$(TARGET_NAME)";
				SWIFT_EMIT_LOC_STRINGS = NO;
				SWIFT_VERSION = 5.0;
				TARGETED_DEVICE_FAMILY = "1,2";
				TEST_TARGET_NAME = "Hugging pririty";
			};
			name = Release;
		};
/* End XCBuildConfiguration section */

/* Begin XCConfigurationList section */
		225BC57E2DE09C3700AAE426 /* Build configuration list for PBXProject "Hugging pririty" */ = {
			isa = XCConfigurationList;
			buildConfigurations = (
				225BC5AF2DE09C3900AAE426 /* Debug */,
				225BC5B02DE09C3900AAE426 /* Release */,
			);
			defaultConfigurationIsVisible = 0;
			defaultConfigurationName = Release;
		};
		225BC5AC2DE09C3900AAE426 /* Build configuration list for PBXNativeTarget "Hugging pririty" */ = {
			isa = XCConfigurationList;
			buildConfigurations = (
				225BC5AD2DE09C3900AAE426 /* Debug */,
				225BC5AE2DE09C3900AAE426 /* Release */,
			);
			defaultConfigurationIsVisible = 0;
			defaultConfigurationName = Release;
		};
		225BC5B12DE09C3900AAE426 /* Build configuration list for PBXNativeTarget "Hugging prirityTests" */ = {
			isa = XCConfigurationList;
			buildConfigurations = (
				225BC5B22DE09C3900AAE426 /* Debug */,
				225BC5B32DE09C3900AAE426 /* Release */,
			);
			defaultConfigurationIsVisible = 0;
			defaultConfigurationName = Release;
		};
		225BC5B42DE09C3900AAE426 /* Build configuration list for PBXNativeTarget "Hugging prirityUITests" */ = {
			isa = XCConfigurationList;
			buildConfigurations = (
				225BC5B52DE09C3900AAE426 /* Debug */,
				225BC5B62DE09C3900AAE426 /* Release */,
			);
			defaultConfigurationIsVisible = 0;
			defaultConfigurationName = Release;
		};
/* End XCConfigurationList section */
	};
	rootObject = 225BC57B2DE09C3700AAE426 /* Project object */;
}
